
Microsoft Visual Studio Solution File, Format Version 12.00
# Visual Studio Version 17
VisualStudioVersion = 17.8.34330.188
MinimumVisualStudioVersion = 10.0.40219.1
Project("{FAE04EC0-301F-11D3-BF4B-00C04F79EFBC}") = "SeleniumNunit", "SeleniumNunit.csproj", "{C4E3D9C9-901F-4E4E-B3E1-C6AE082F87E4}"
EndProject
Global
	GlobalSection(SolutionConfigurationPlatforms) = preSolution
		Debug|Any CPU = Debug|Any CPU
		Release|Any CPU = Release|Any CPU
	EndGlobalSection
	GlobalSection(ProjectConfigurationPlatforms) = postSolution
		{C4E3D9C9-901F-4E4E-B3E1-C6AE082F87E4}.Debug|Any CPU.ActiveCfg = Debug|Any CPU
		{C4E3D9C9-901F-4E4E-B3E1-C6AE082F87E4}.Debug|Any CPU.Build.0 = Debug|Any CPU
		{C4E3D9C9-901F-4E4E-B3E1-C6AE082F87E4}.Release|Any CPU.ActiveCfg = Release|Any CPU
		{C4E3D9C9-901F-4E4E-B3E1-C6AE082F87E4}.Release|Any CPU.Build.0 = Release|Any CPU
	EndGlobalSection
	GlobalSection(SolutionProperties) = preSolution
		HideSolutionNode = FALSE
	EndGlobalSection
	GlobalSection(ExtensibilityGlobals) = postSolution
		SolutionGuid = {CF3189A0-845E-4728-9F00-14664178CE28}
	EndGlobalSection
EndGlobal
